
Microsoft Visual Studio Solution File, Format Version 12.00
# Visual Studio Version 17
VisualStudioVersion = 17.5.33516.290
MinimumVisualStudioVersion = 10.0.40219.1
Project("{FAE04EC0-301F-11D3-BF4B-00C04F79EFBC}") = "CadastroN1", "CadastroN1\CadastroN1.csproj", "{969C3087-24B1-4EAF-BBF3-0F3BB0018736}"
EndProject
Global
	GlobalSection(SolutionConfigurationPlatforms) = preSolution
		Debug|Any CPU = Debug|Any CPU
		Release|Any CPU = Release|Any CPU
	EndGlobalSection
	GlobalSection(ProjectConfigurationPlatforms) = postSolution
		{969C3087-24B1-4EAF-BBF3-0F3BB0018736}.Debug|Any CPU.ActiveCfg = Debug|Any CPU
		{969C3087-24B1-4EAF-BBF3-0F3BB0018736}.Debug|Any CPU.Build.0 = Debug|Any CPU
		{969C3087-24B1-4EAF-BBF3-0F3BB0018736}.Release|Any CPU.ActiveCfg = Release|Any CPU
		{969C3087-24B1-4EAF-BBF3-0F3BB0018736}.Release|Any CPU.Build.0 = Release|Any CPU
	EndGlobalSection
	GlobalSection(SolutionProperties) = preSolution
		HideSolutionNode = FALSE
	EndGlobalSection
	GlobalSection(ExtensibilityGlobals) = postSolution
		SolutionGuid = {BCA50DB4-193B-40A5-8FEC-0E676335CF93}
	EndGlobalSection
EndGlobal
